// !$*UTF8*$!
{
	archiveVersion = 1;
	classes = {
	};
	objectVersion = 46;
	objects = {

/* Begin PBXBuildFile section */
		3F054AE81C7C0B6800DD67D9 /* Contact.swift in Sources */ = {isa = PBXBuildFile; fileRef = 3F054AE71C7C0B6800DD67D9 /* Contact.swift */; };
		3F054AEB1C7C0DC700DD67D9 /* Ground.swift in Sources */ = {isa = PBXBuildFile; fileRef = 3F054AEA1C7C0DC700DD67D9 /* Ground.swift */; };
		3F054AEE1C7CC8DF00DD67D9 /* Player.swift in Sources */ = {isa = PBXBuildFile; fileRef = 3F054AED1C7CC8DF00DD67D9 /* Player.swift */; };
		3F985DE11C86602500ED3799 /* Default-568h@2x.png in Resources */ = {isa = PBXBuildFile; fileRef = 3F985DDB1C86602500ED3799 /* Default-568h@2x.png */; };
		3F985DE21C86602500ED3799 /* Default-667h@2x.png in Resources */ = {isa = PBXBuildFile; fileRef = 3F985DDC1C86602500ED3799 /* Default-667h@2x.png */; };
		3F985DE31C86602500ED3799 /* Default-736h@3x.png in Resources */ = {isa = PBXBuildFile; fileRef = 3F985DDD1C86602500ED3799 /* Default-736h@3x.png */; };
		3F985DE41C86602500ED3799 /* Default@2x.png in Resources */ = {isa = PBXBuildFile; fileRef = 3F985DDE1C86602500ED3799 /* Default@2x.png */; };
		3F985DE51C86602500ED3799 /* Default@2x~ipad.png in Resources */ = {isa = PBXBuildFile; fileRef = 3F985DDF1C86602500ED3799 /* Default@2x~ipad.png */; };
		3F985DE61C86602500ED3799 /* Default~ipad.png in Resources */ = {isa = PBXBuildFile; fileRef = 3F985DE01C86602500ED3799 /* Default~ipad.png */; };
		3FA2AC561C7BAFB6005F4564 /* Main.storyboard in Resources */ = {isa = PBXBuildFile; fileRef = 3FA2AC541C7BAFB6005F4564 /* Main.storyboard */; };
		3FA2AC581C7BAFB6005F4564 /* Assets.xcassets in Resources */ = {isa = PBXBuildFile; fileRef = 3FA2AC571C7BAFB6005F4564 /* Assets.xcassets */; };
		3FA2AC661C7BAFB6005F4564 /* FloppyBurdTests.swift in Sources */ = {isa = PBXBuildFile; fileRef = 3FA2AC651C7BAFB6005F4564 /* FloppyBurdTests.swift */; };
		3FA2AC711C7BAFB6005F4564 /* FloppyBurdUITests.swift in Sources */ = {isa = PBXBuildFile; fileRef = 3FA2AC701C7BAFB6005F4564 /* FloppyBurdUITests.swift */; };
		3FA2AC821C7BB041005F4564 /* AppDelegate.swift in Sources */ = {isa = PBXBuildFile; fileRef = 3FA2AC7F1C7BB041005F4564 /* AppDelegate.swift */; };
		3FA2AC831C7BB041005F4564 /* GameScene.swift in Sources */ = {isa = PBXBuildFile; fileRef = 3FA2AC801C7BB041005F4564 /* GameScene.swift */; };
		3FA2AC841C7BB041005F4564 /* GameViewController.swift in Sources */ = {isa = PBXBuildFile; fileRef = 3FA2AC811C7BB041005F4564 /* GameViewController.swift */; };
		3FA2AC981C7BB061005F4564 /* editundo.ttf in Resources */ = {isa = PBXBuildFile; fileRef = 3FA2AC871C7BB061005F4564 /* editundo.ttf */; };
		3FA2AC9E1C7BB061005F4564 /* Pixel Adventures.mp3 in Resources */ = {isa = PBXBuildFile; fileRef = 3FA2AC8F1C7BB061005F4564 /* Pixel Adventures.mp3 */; };
		3FA2AC9F1C7BB061005F4564 /* Crash.caf in Resources */ = {isa = PBXBuildFile; fileRef = 3FA2AC911C7BB061005F4564 /* Crash.caf */; };
		3FA2ACA01C7BB061005F4564 /* Fall.caf in Resources */ = {isa = PBXBuildFile; fileRef = 3FA2AC921C7BB061005F4564 /* Fall.caf */; };
		3FA2ACA11C7BB061005F4564 /* Flap.caf in Resources */ = {isa = PBXBuildFile; fileRef = 3FA2AC931C7BB061005F4564 /* Flap.caf */; };
		3FA2ACA21C7BB061005F4564 /* HighScore.caf in Resources */ = {isa = PBXBuildFile; fileRef = 3FA2AC941C7BB061005F4564 /* HighScore.caf */; };
		3FA2ACA31C7BB061005F4564 /* Pop.caf in Resources */ = {isa = PBXBuildFile; fileRef = 3FA2AC951C7BB061005F4564 /* Pop.caf */; };
		3FA2ACA41C7BB061005F4564 /* Score.caf in Resources */ = {isa = PBXBuildFile; fileRef = 3FA2AC961C7BB061005F4564 /* Score.caf */; };
		3FA2ACA51C7BB061005F4564 /* Smack.caf in Resources */ = {isa = PBXBuildFile; fileRef = 3FA2AC971C7BB061005F4564 /* Smack.caf */; };
		3FA2ACB51C7BE410005F4564 /* CGFloat+Extensions.swift in Sources */ = {isa = PBXBuildFile; fileRef = 3FA2ACAA1C7BE410005F4564 /* CGFloat+Extensions.swift */; };
		3FA2ACB61C7BE410005F4564 /* CGPoint+Extensions.swift in Sources */ = {isa = PBXBuildFile; fileRef = 3FA2ACAB1C7BE410005F4564 /* CGPoint+Extensions.swift */; };
		3FA2ACB71C7BE410005F4564 /* CGVector+Extensions.swift in Sources */ = {isa = PBXBuildFile; fileRef = 3FA2ACAC1C7BE410005F4564 /* CGVector+Extensions.swift */; };
		3FA2ACB81C7BE410005F4564 /* Int+Extensions.swift in Sources */ = {isa = PBXBuildFile; fileRef = 3FA2ACAD1C7BE410005F4564 /* Int+Extensions.swift */; };
		3FA2ACB91C7BE410005F4564 /* SKAction+Extensions.swift in Sources */ = {isa = PBXBuildFile; fileRef = 3FA2ACAE1C7BE410005F4564 /* SKAction+Extensions.swift */; };
		3FA2ACBA1C7BE410005F4564 /* SKAction+SpecialEffects.swift in Sources */ = {isa = PBXBuildFile; fileRef = 3FA2ACAF1C7BE410005F4564 /* SKAction+SpecialEffects.swift */; };
		3FA2ACBB1C7BE410005F4564 /* SKColor+Extensions.swift in Sources */ = {isa = PBXBuildFile; fileRef = 3FA2ACB01C7BE410005F4564 /* SKColor+Extensions.swift */; };
		3FA2ACBC1C7BE410005F4564 /* SKNode+Extensions.swift in Sources */ = {isa = PBXBuildFile; fileRef = 3FA2ACB11C7BE410005F4564 /* SKNode+Extensions.swift */; };
		3FA2ACBD1C7BE410005F4564 /* SKTEffects.swift in Sources */ = {isa = PBXBuildFile; fileRef = 3FA2ACB21C7BE410005F4564 /* SKTEffects.swift */; };
		3FA2ACBE1C7BE410005F4564 /* SKTTimingFunctions.swift in Sources */ = {isa = PBXBuildFile; fileRef = 3FA2ACB31C7BE410005F4564 /* SKTTimingFunctions.swift */; };
		3FA2ACBF1C7BE410005F4564 /* Vector3.swift in Sources */ = {isa = PBXBuildFile; fileRef = 3FA2ACB41C7BE410005F4564 /* Vector3.swift */; };
		3FA2AD001C7BEA59005F4564 /* Constants.swift in Sources */ = {isa = PBXBuildFile; fileRef = 3FA2ACFF1C7BEA59005F4564 /* Constants.swift */; };
		3FA2AD021C7BEE57005F4564 /* Colors.swift in Sources */ = {isa = PBXBuildFile; fileRef = 3FA2AD011C7BEE57005F4564 /* Colors.swift */; };
		3FA2AD041C7BF2CC005F4564 /* SpriteName.swift in Sources */ = {isa = PBXBuildFile; fileRef = 3FA2AD031C7BF2CC005F4564 /* SpriteName.swift */; };
		3FA2AD071C7BF75B005F4564 /* GameTextures.swift in Sources */ = {isa = PBXBuildFile; fileRef = 3FA2AD061C7BF75B005F4564 /* GameTextures.swift */; };
		3FA2AD0A1C7BF773005F4564 /* PlayButton.swift in Sources */ = {isa = PBXBuildFile; fileRef = 3FA2AD091C7BF773005F4564 /* PlayButton.swift */; };
		3FA2AD0C1C7BF978005F4564 /* TutorialButton.swift in Sources */ = {isa = PBXBuildFile; fileRef = 3FA2AD0B1C7BF978005F4564 /* TutorialButton.swift */; };
		3FA2AD0E1C7BFA81005F4564 /* RetryButton.swift in Sources */ = {isa = PBXBuildFile; fileRef = 3FA2AD0D1C7BFA81005F4564 /* RetryButton.swift */; };
		3FA2AD101C7BFCDE005F4564 /* MenuScene.swift in Sources */ = {isa = PBXBuildFile; fileRef = 3FA2AD0F1C7BFCDE005F4564 /* MenuScene.swift */; };
		3FA2AD121C7C0102005F4564 /* GameOverScene.swift in Sources */ = {isa = PBXBuildFile; fileRef = 3FA2AD111C7C0102005F4564 /* GameOverScene.swift */; };
/* End PBXBuildFile section */

/* Begin PBXContainerItemProxy section */
		3FA2AC621C7BAFB6005F4564 /* PBXContainerItemProxy */ = {
			isa = PBXContainerItemProxy;
			containerPortal = 3FA2AC411C7BAFB6005F4564 /* Project object */;
			proxyType = 1;
			remoteGlobalIDString = 3FA2AC481C7BAFB6005F4564;
			remoteInfo = FloppyBurd;
		};
		3FA2AC6D1C7BAFB6005F4564 /* PBXContainerItemProxy */ = {
			isa = PBXContainerItemProxy;
			containerPortal = 3FA2AC411C7BAFB6005F4564 /* Project object */;
			proxyType = 1;
			remoteGlobalIDString = 3FA2AC481C7BAFB6005F4564;
			remoteInfo = FloppyBurd;
		};
/* End PBXContainerItemProxy section */

/* Begin PBXFileReference section */
		3F054AE71C7C0B6800DD67D9 /* Contact.swift */ = {isa = PBXFileReference; fileEncoding = 4; lastKnownFileType = sourcecode.swift; path = Contact.swift; sourceTree = "<group>"; };
		3F054AEA1C7C0DC700DD67D9 /* Ground.swift */ = {isa = PBXFileReference; fileEncoding = 4; lastKnownFileType = sourcecode.swift; path = Ground.swift; sourceTree = "<group>"; };
		3F054AED1C7CC8DF00DD67D9 /* Player.swift */ = {isa = PBXFileReference; fileEncoding = 4; lastKnownFileType = sourcecode.swift; path = Player.swift; sourceTree = "<group>"; };
		3F985DDB1C86602500ED3799 /* Default-568h@2x.png */ = {isa = PBXFileReference; lastKnownFileType = image.png; path = "Default-568h@2x.png"; sourceTree = "<group>"; };
		3F985DDC1C86602500ED3799 /* Default-667h@2x.png */ = {isa = PBXFileReference; lastKnownFileType = image.png; path = "Default-667h@2x.png"; sourceTree = "<group>"; };
		3F985DDD1C86602500ED3799 /* Default-736h@3x.png */ = {isa = PBXFileReference; lastKnownFileType = image.png; path = "Default-736h@3x.png"; sourceTree = "<group>"; };
		3F985DDE1C86602500ED3799 /* Default@2x.png */ = {isa = PBXFileReference; lastKnownFileType = image.png; path = "Default@2x.png"; sourceTree = "<group>"; };
		3F985DDF1C86602500ED3799 /* Default@2x~ipad.png */ = {isa = PBXFileReference; lastKnownFileType = image.png; path = "Default@2x~ipad.png"; sourceTree = "<group>"; };
		3F985DE01C86602500ED3799 /* Default~ipad.png */ = {isa = PBXFileReference; lastKnownFileType = image.png; path = "Default~ipad.png"; sourceTree = "<group>"; };
		3FA2AC491C7BAFB6005F4564 /* FloppyBurd.app */ = {isa = PBXFileReference; explicitFileType = wrapper.application; includeInIndex = 0; path = FloppyBurd.app; sourceTree = BUILT_PRODUCTS_DIR; };
		3FA2AC551C7BAFB6005F4564 /* Base */ = {isa = PBXFileReference; lastKnownFileType = file.storyboard; name = Base; path = Base.lproj/Main.storyboard; sourceTree = "<group>"; };
		3FA2AC571C7BAFB6005F4564 /* Assets.xcassets */ = {isa = PBXFileReference; lastKnownFileType = folder.assetcatalog; path = Assets.xcassets; sourceTree = "<group>"; };
		3FA2AC5C1C7BAFB6005F4564 /* Info.plist */ = {isa = PBXFileReference; lastKnownFileType = text.plist.xml; path = Info.plist; sourceTree = "<group>"; };
		3FA2AC611C7BAFB6005F4564 /* FloppyBurdTests.xctest */ = {isa = PBXFileReference; explicitFileType = wrapper.cfbundle; includeInIndex = 0; path = FloppyBurdTests.xctest; sourceTree = BUILT_PRODUCTS_DIR; };
		3FA2AC651C7BAFB6005F4564 /* FloppyBurdTests.swift */ = {isa = PBXFileReference; lastKnownFileType = sourcecode.swift; path = FloppyBurdTests.swift; sourceTree = "<group>"; };
		3FA2AC671C7BAFB6005F4564 /* Info.plist */ = {isa = PBXFileReference; lastKnownFileType = text.plist.xml; path = Info.plist; sourceTree = "<group>"; };
		3FA2AC6C1C7BAFB6005F4564 /* FloppyBurdUITests.xctest */ = {isa = PBXFileReference; explicitFileType = wrapper.cfbundle; includeInIndex = 0; path = FloppyBurdUITests.xctest; sourceTree = BUILT_PRODUCTS_DIR; };
		3FA2AC701C7BAFB6005F4564 /* FloppyBurdUITests.swift */ = {isa = PBXFileReference; lastKnownFileType = sourcecode.swift; path = FloppyBurdUITests.swift; sourceTree = "<group>"; };
		3FA2AC721C7BAFB6005F4564 /* Info.plist */ = {isa = PBXFileReference; lastKnownFileType = text.plist.xml; path = Info.plist; sourceTree = "<group>"; };
		3FA2AC7F1C7BB041005F4564 /* AppDelegate.swift */ = {isa = PBXFileReference; fileEncoding = 4; lastKnownFileType = sourcecode.swift; path = AppDelegate.swift; sourceTree = "<group>"; };
		3FA2AC801C7BB041005F4564 /* GameScene.swift */ = {isa = PBXFileReference; fileEncoding = 4; lastKnownFileType = sourcecode.swift; path = GameScene.swift; sourceTree = "<group>"; };
		3FA2AC811C7BB041005F4564 /* GameViewController.swift */ = {isa = PBXFileReference; fileEncoding = 4; lastKnownFileType = sourcecode.swift; path = GameViewController.swift; sourceTree = "<group>"; };
		3FA2AC871C7BB061005F4564 /* editundo.ttf */ = {isa = PBXFileReference; lastKnownFileType = file; path = editundo.ttf; sourceTree = "<group>"; };
		3FA2AC8F1C7BB061005F4564 /* Pixel Adventures.mp3 */ = {isa = PBXFileReference; lastKnownFileType = audio.mp3; path = "Pixel Adventures.mp3"; sourceTree = "<group>"; };
		3FA2AC911C7BB061005F4564 /* Crash.caf */ = {isa = PBXFileReference; lastKnownFileType = file; path = Crash.caf; sourceTree = "<group>"; };
		3FA2AC921C7BB061005F4564 /* Fall.caf */ = {isa = PBXFileReference; lastKnownFileType = file; path = Fall.caf; sourceTree = "<group>"; };
		3FA2AC931C7BB061005F4564 /* Flap.caf */ = {isa = PBXFileReference; lastKnownFileType = file; path = Flap.caf; sourceTree = "<group>"; };
		3FA2AC941C7BB061005F4564 /* HighScore.caf */ = {isa = PBXFileReference; lastKnownFileType = file; path = HighScore.caf; sourceTree = "<group>"; };
		3FA2AC951C7BB061005F4564 /* Pop.caf */ = {isa = PBXFileReference; lastKnownFileType = file; path = Pop.caf; sourceTree = "<group>"; };
		3FA2AC961C7BB061005F4564 /* Score.caf */ = {isa = PBXFileReference; lastKnownFileType = file; path = Score.caf; sourceTree = "<group>"; };
		3FA2AC971C7BB061005F4564 /* Smack.caf */ = {isa = PBXFileReference; lastKnownFileType = file; path = Smack.caf; sourceTree = "<group>"; };
		3FA2ACAA1C7BE410005F4564 /* CGFloat+Extensions.swift */ = {isa = PBXFileReference; fileEncoding = 4; lastKnownFileType = sourcecode.swift; path = "CGFloat+Extensions.swift"; sourceTree = "<group>"; };
		3FA2ACAB1C7BE410005F4564 /* CGPoint+Extensions.swift */ = {isa = PBXFileReference; fileEncoding = 4; lastKnownFileType = sourcecode.swift; path = "CGPoint+Extensions.swift"; sourceTree = "<group>"; };
		3FA2ACAC1C7BE410005F4564 /* CGVector+Extensions.swift */ = {isa = PBXFileReference; fileEncoding = 4; lastKnownFileType = sourcecode.swift; path = "CGVector+Extensions.swift"; sourceTree = "<group>"; };
		3FA2ACAD1C7BE410005F4564 /* Int+Extensions.swift */ = {isa = PBXFileReference; fileEncoding = 4; lastKnownFileType = sourcecode.swift; path = "Int+Extensions.swift"; sourceTree = "<group>"; };
		3FA2ACAE1C7BE410005F4564 /* SKAction+Extensions.swift */ = {isa = PBXFileReference; fileEncoding = 4; lastKnownFileType = sourcecode.swift; path = "SKAction+Extensions.swift"; sourceTree = "<group>"; };
		3FA2ACAF1C7BE410005F4564 /* SKAction+SpecialEffects.swift */ = {isa = PBXFileReference; fileEncoding = 4; lastKnownFileType = sourcecode.swift; path = "SKAction+SpecialEffects.swift"; sourceTree = "<group>"; };
		3FA2ACB01C7BE410005F4564 /* SKColor+Extensions.swift */ = {isa = PBXFileReference; fileEncoding = 4; lastKnownFileType = sourcecode.swift; path = "SKColor+Extensions.swift"; sourceTree = "<group>"; };
		3FA2ACB11C7BE410005F4564 /* SKNode+Extensions.swift */ = {isa = PBXFileReference; fileEncoding = 4; lastKnownFileType = sourcecode.swift; path = "SKNode+Extensions.swift"; sourceTree = "<group>"; };
		3FA2ACB21C7BE410005F4564 /* SKTEffects.swift */ = {isa = PBXFileReference; fileEncoding = 4; lastKnownFileType = sourcecode.swift; path = SKTEffects.swift; sourceTree = "<group>"; };
		3FA2ACB31C7BE410005F4564 /* SKTTimingFunctions.swift */ = {isa = PBXFileReference; fileEncoding = 4; lastKnownFileType = sourcecode.swift; path = SKTTimingFunctions.swift; sourceTree = "<group>"; };
		3FA2ACB41C7BE410005F4564 /* Vector3.swift */ = {isa = PBXFileReference; fileEncoding = 4; lastKnownFileType = sourcecode.swift; path = Vector3.swift; sourceTree = "<group>"; };
		3FA2ACFF1C7BEA59005F4564 /* Constants.swift */ = {isa = PBXFileReference; fileEncoding = 4; lastKnownFileType = sourcecode.swift; path = Constants.swift; sourceTree = "<group>"; };
		3FA2AD011C7BEE57005F4564 /* Colors.swift */ = {isa = PBXFileReference; fileEncoding = 4; lastKnownFileType = sourcecode.swift; path = Colors.swift; sourceTree = "<group>"; };
		3FA2AD031C7BF2CC005F4564 /* SpriteName.swift */ = {isa = PBXFileReference; fileEncoding = 4; lastKnownFileType = sourcecode.swift; path = SpriteName.swift; sourceTree = "<group>"; };
		3FA2AD061C7BF75B005F4564 /* GameTextures.swift */ = {isa = PBXFileReference; fileEncoding = 4; lastKnownFileType = sourcecode.swift; path = GameTextures.swift; sourceTree = "<group>"; };
		3FA2AD091C7BF773005F4564 /* PlayButton.swift */ = {isa = PBXFileReference; fileEncoding = 4; lastKnownFileType = sourcecode.swift; path = PlayButton.swift; sourceTree = "<group>"; };
		3FA2AD0B1C7BF978005F4564 /* TutorialButton.swift */ = {isa = PBXFileReference; fileEncoding = 4; lastKnownFileType = sourcecode.swift; path = TutorialButton.swift; sourceTree = "<group>"; };
		3FA2AD0D1C7BFA81005F4564 /* RetryButton.swift */ = {isa = PBXFileReference; fileEncoding = 4; lastKnownFileType = sourcecode.swift; path = RetryButton.swift; sourceTree = "<group>"; };
		3FA2AD0F1C7BFCDE005F4564 /* MenuScene.swift */ = {isa = PBXFileReference; fileEncoding = 4; lastKnownFileType = sourcecode.swift; path = MenuScene.swift; sourceTree = "<group>"; };
		3FA2AD111C7C0102005F4564 /* GameOverScene.swift */ = {isa = PBXFileReference; fileEncoding = 4; lastKnownFileType = sourcecode.swift; path = GameOverScene.swift; sourceTree = "<group>"; };
/* End PBXFileReference section */

/* Begin PBXFrameworksBuildPhase section */
		3FA2AC461C7BAFB6005F4564 /* Frameworks */ = {
			isa = PBXFrameworksBuildPhase;
			buildActionMask = 2147483647;
			files = (
			);
			runOnlyForDeploymentPostprocessing = 0;
		};
		3FA2AC5E1C7BAFB6005F4564 /* Frameworks */ = {
			isa = PBXFrameworksBuildPhase;
			buildActionMask = 2147483647;
			files = (
			);
			runOnlyForDeploymentPostprocessing = 0;
		};
		3FA2AC691C7BAFB6005F4564 /* Frameworks */ = {
			isa = PBXFrameworksBuildPhase;
			buildActionMask = 2147483647;
			files = (
			);
			runOnlyForDeploymentPostprocessing = 0;
		};
/* End PBXFrameworksBuildPhase section */

/* Begin PBXGroup section */
		3F054AE91C7C0DB600DD67D9 /* Environment */ = {
			isa = PBXGroup;
			children = (
				3F054AEA1C7C0DC700DD67D9 /* Ground.swift */,
			);
			name = Environment;
			sourceTree = "<group>";
		};
		3F054AEC1C7CC8C900DD67D9 /* Player */ = {
			isa = PBXGroup;
			children = (
				3F054AED1C7CC8DF00DD67D9 /* Player.swift */,
			);
			name = Player;
			sourceTree = "<group>";
		};
		3FA2AC401C7BAFB6005F4564 = {
			isa = PBXGroup;
			children = (
				3FA2AC4B1C7BAFB6005F4564 /* FloppyBurd */,
				3FA2AC641C7BAFB6005F4564 /* FloppyBurdTests */,
				3FA2AC6F1C7BAFB6005F4564 /* FloppyBurdUITests */,
				3FA2AC4A1C7BAFB6005F4564 /* Products */,
			);
			sourceTree = "<group>";
		};
		3FA2AC4A1C7BAFB6005F4564 /* Products */ = {
			isa = PBXGroup;
			children = (
				3FA2AC491C7BAFB6005F4564 /* FloppyBurd.app */,
				3FA2AC611C7BAFB6005F4564 /* FloppyBurdTests.xctest */,
				3FA2AC6C1C7BAFB6005F4564 /* FloppyBurdUITests.xctest */,
			);
			name = Products;
			sourceTree = "<group>";
		};
		3FA2AC4B1C7BAFB6005F4564 /* FloppyBurd */ = {
			isa = PBXGroup;
			children = (
				3FA2AC851C7BB061005F4564 /* Game Resources */,
				3FA2AC7E1C7BB041005F4564 /* Classes */,
				3FA2AC571C7BAFB6005F4564 /* Assets.xcassets */,
				3FA2AC5C1C7BAFB6005F4564 /* Info.plist */,
			);
			path = FloppyBurd;
			sourceTree = "<group>";
		};
		3FA2AC641C7BAFB6005F4564 /* FloppyBurdTests */ = {
			isa = PBXGroup;
			children = (
				3FA2AC651C7BAFB6005F4564 /* FloppyBurdTests.swift */,
				3FA2AC671C7BAFB6005F4564 /* Info.plist */,
			);
			path = FloppyBurdTests;
			sourceTree = "<group>";
		};
		3FA2AC6F1C7BAFB6005F4564 /* FloppyBurdUITests */ = {
			isa = PBXGroup;
			children = (
				3FA2AC701C7BAFB6005F4564 /* FloppyBurdUITests.swift */,
				3FA2AC721C7BAFB6005F4564 /* Info.plist */,
			);
			path = FloppyBurdUITests;
			sourceTree = "<group>";
		};
		3FA2AC7E1C7BB041005F4564 /* Classes */ = {
			isa = PBXGroup;
			children = (
				3F054AEC1C7CC8C900DD67D9 /* Player */,
				3F054AE91C7C0DB600DD67D9 /* Environment */,
				3FA2AD081C7BF768005F4564 /* Buttons */,
				3FA2AD051C7BF74C005F4564 /* Singletons */,
				3FA2ACFE1C7BE904005F4564 /* Utilities */,
				3FA2ACA71C7BB0A6005F4564 /* Scenes */,
				3FA2ACA61C7BB091005F4564 /* View Controller */,
			);
			path = Classes;
			sourceTree = "<group>";
		};
		3FA2AC851C7BB061005F4564 /* Game Resources */ = {
			isa = PBXGroup;
			children = (
				3FA2ACA81C7BE410005F4564 /* Library */,
				3FA2AC861C7BB061005F4564 /* Fonts */,
				3FA2AC881C7BB061005F4564 /* Launch */,
				3FA2AC8E1C7BB061005F4564 /* Music */,
				3FA2AC901C7BB061005F4564 /* Sounds */,
			);
			path = "Game Resources";
			sourceTree = "<group>";
		};
		3FA2AC861C7BB061005F4564 /* Fonts */ = {
			isa = PBXGroup;
			children = (
				3FA2AC871C7BB061005F4564 /* editundo.ttf */,
			);
			path = Fonts;
			sourceTree = "<group>";
		};
		3FA2AC881C7BB061005F4564 /* Launch */ = {
			isa = PBXGroup;
			children = (
				3F985DDB1C86602500ED3799 /* Default-568h@2x.png */,
				3F985DDC1C86602500ED3799 /* Default-667h@2x.png */,
				3F985DDD1C86602500ED3799 /* Default-736h@3x.png */,
				3F985DDE1C86602500ED3799 /* Default@2x.png */,
				3F985DDF1C86602500ED3799 /* Default@2x~ipad.png */,
				3F985DE01C86602500ED3799 /* Default~ipad.png */,
			);
			path = Launch;
			sourceTree = "<group>";
		};
		3FA2AC8E1C7BB061005F4564 /* Music */ = {
			isa = PBXGroup;
			children = (
				3FA2AC8F1C7BB061005F4564 /* Pixel Adventures.mp3 */,
			);
			path = Music;
			sourceTree = "<group>";
		};
		3FA2AC901C7BB061005F4564 /* Sounds */ = {
			isa = PBXGroup;
			children = (
				3FA2AC911C7BB061005F4564 /* Crash.caf */,
				3FA2AC921C7BB061005F4564 /* Fall.caf */,
				3FA2AC931C7BB061005F4564 /* Flap.caf */,
				3FA2AC941C7BB061005F4564 /* HighScore.caf */,
				3FA2AC951C7BB061005F4564 /* Pop.caf */,
				3FA2AC961C7BB061005F4564 /* Score.caf */,
				3FA2AC971C7BB061005F4564 /* Smack.caf */,
			);
			path = Sounds;
			sourceTree = "<group>";
		};
		3FA2ACA61C7BB091005F4564 /* View Controller */ = {
			isa = PBXGroup;
			children = (
				3FA2AC811C7BB041005F4564 /* GameViewController.swift */,
				3FA2AC7F1C7BB041005F4564 /* AppDelegate.swift */,
				3FA2AC541C7BAFB6005F4564 /* Main.storyboard */,
			);
			name = "View Controller";
			sourceTree = "<group>";
		};
		3FA2ACA71C7BB0A6005F4564 /* Scenes */ = {
			isa = PBXGroup;
			children = (
				3FA2AC801C7BB041005F4564 /* GameScene.swift */,
				3FA2AD0F1C7BFCDE005F4564 /* MenuScene.swift */,
				3FA2AD111C7C0102005F4564 /* GameOverScene.swift */,
			);
			name = Scenes;
			sourceTree = "<group>";
		};
		3FA2ACA81C7BE410005F4564 /* Library */ = {
			isa = PBXGroup;
			children = (
				3FA2ACA91C7BE410005F4564 /* SKTUtils */,
			);
			path = Library;
			sourceTree = "<group>";
		};
		3FA2ACA91C7BE410005F4564 /* SKTUtils */ = {
			isa = PBXGroup;
			children = (
				3FA2ACAA1C7BE410005F4564 /* CGFloat+Extensions.swift */,
				3FA2ACAB1C7BE410005F4564 /* CGPoint+Extensions.swift */,
				3FA2ACAC1C7BE410005F4564 /* CGVector+Extensions.swift */,
				3FA2ACAD1C7BE410005F4564 /* Int+Extensions.swift */,
				3FA2ACAE1C7BE410005F4564 /* SKAction+Extensions.swift */,
				3FA2ACAF1C7BE410005F4564 /* SKAction+SpecialEffects.swift */,
				3FA2ACB01C7BE410005F4564 /* SKColor+Extensions.swift */,
				3FA2ACB11C7BE410005F4564 /* SKNode+Extensions.swift */,
				3FA2ACB21C7BE410005F4564 /* SKTEffects.swift */,
				3FA2ACB31C7BE410005F4564 /* SKTTimingFunctions.swift */,
				3FA2ACB41C7BE410005F4564 /* Vector3.swift */,
			);
			path = SKTUtils;
			sourceTree = "<group>";
		};
		3FA2ACFE1C7BE904005F4564 /* Utilities */ = {
			isa = PBXGroup;
			children = (
				3FA2ACFF1C7BEA59005F4564 /* Constants.swift */,
				3FA2AD011C7BEE57005F4564 /* Colors.swift */,
				3FA2AD031C7BF2CC005F4564 /* SpriteName.swift */,
				3F054AE71C7C0B6800DD67D9 /* Contact.swift */,
			);
			name = Utilities;
			sourceTree = "<group>";
		};
		3FA2AD051C7BF74C005F4564 /* Singletons */ = {
			isa = PBXGroup;
			children = (
				3FA2AD061C7BF75B005F4564 /* GameTextures.swift */,
			);
			name = Singletons;
			sourceTree = "<group>";
		};
		3FA2AD081C7BF768005F4564 /* Buttons */ = {
			isa = PBXGroup;
			children = (
				3FA2AD091C7BF773005F4564 /* PlayButton.swift */,
				3FA2AD0B1C7BF978005F4564 /* TutorialButton.swift */,
				3FA2AD0D1C7BFA81005F4564 /* RetryButton.swift */,
			);
			name = Buttons;
			sourceTree = "<group>";
		};
/* End PBXGroup section */

/* Begin PBXNativeTarget section */
		3FA2AC481C7BAFB6005F4564 /* FloppyBurd */ = {
			isa = PBXNativeTarget;
			buildConfigurationList = 3FA2AC751C7BAFB6005F4564 /* Build configuration list for PBXNativeTarget "FloppyBurd" */;
			buildPhases = (
				3FA2AC451C7BAFB6005F4564 /* Sources */,
				3FA2AC461C7BAFB6005F4564 /* Frameworks */,
				3FA2AC471C7BAFB6005F4564 /* Resources */,
			);
			buildRules = (
			);
			dependencies = (
			);
			name = FloppyBurd;
			productName = FloppyBurd;
			productReference = 3FA2AC491C7BAFB6005F4564 /* FloppyBurd.app */;
			productType = "com.apple.product-type.application";
		};
		3FA2AC601C7BAFB6005F4564 /* FloppyBurdTests */ = {
			isa = PBXNativeTarget;
			buildConfigurationList = 3FA2AC781C7BAFB6005F4564 /* Build configuration list for PBXNativeTarget "FloppyBurdTests" */;
			buildPhases = (
				3FA2AC5D1C7BAFB6005F4564 /* Sources */,
				3FA2AC5E1C7BAFB6005F4564 /* Frameworks */,
				3FA2AC5F1C7BAFB6005F4564 /* Resources */,
			);
			buildRules = (
			);
			dependencies = (
				3FA2AC631C7BAFB6005F4564 /* PBXTargetDependency */,
			);
			name = FloppyBurdTests;
			productName = FloppyBurdTests;
			productReference = 3FA2AC611C7BAFB6005F4564 /* FloppyBurdTests.xctest */;
			productType = "com.apple.product-type.bundle.unit-test";
		};
		3FA2AC6B1C7BAFB6005F4564 /* FloppyBurdUITests */ = {
			isa = PBXNativeTarget;
			buildConfigurationList = 3FA2AC7B1C7BAFB6005F4564 /* Build configuration list for PBXNativeTarget "FloppyBurdUITests" */;
			buildPhases = (
				3FA2AC681C7BAFB6005F4564 /* Sources */,
				3FA2AC691C7BAFB6005F4564 /* Frameworks */,
				3FA2AC6A1C7BAFB6005F4564 /* Resources */,
			);
			buildRules = (
			);
			dependencies = (
				3FA2AC6E1C7BAFB6005F4564 /* PBXTargetDependency */,
			);
			name = FloppyBurdUITests;
			productName = FloppyBurdUITests;
			productReference = 3FA2AC6C1C7BAFB6005F4564 /* FloppyBurdUITests.xctest */;
			productType = "com.apple.product-type.bundle.ui-testing";
		};
/* End PBXNativeTarget section */

/* Begin PBXProject section */
		3FA2AC411C7BAFB6005F4564 /* Project object */ = {
			isa = PBXProject;
			attributes = {
				LastSwiftUpdateCheck = 0720;
				LastUpgradeCheck = 0720;
				ORGANIZATIONNAME = "Jeremy Novak";
				TargetAttributes = {
					3FA2AC481C7BAFB6005F4564 = {
						CreatedOnToolsVersion = 7.2.1;
					};
					3FA2AC601C7BAFB6005F4564 = {
						CreatedOnToolsVersion = 7.2.1;
						DevelopmentTeam = DHP96MS93Z;
						TestTargetID = 3FA2AC481C7BAFB6005F4564;
					};
					3FA2AC6B1C7BAFB6005F4564 = {
						CreatedOnToolsVersion = 7.2.1;
						DevelopmentTeam = DHP96MS93Z;
						TestTargetID = 3FA2AC481C7BAFB6005F4564;
					};
				};
			};
			buildConfigurationList = 3FA2AC441C7BAFB6005F4564 /* Build configuration list for PBXProject "FloppyBurd" */;
			compatibilityVersion = "Xcode 3.2";
			developmentRegion = English;
			hasScannedForEncodings = 0;
			knownRegions = (
				en,
				Base,
			);
			mainGroup = 3FA2AC401C7BAFB6005F4564;
			productRefGroup = 3FA2AC4A1C7BAFB6005F4564 /* Products */;
			projectDirPath = "";
			projectRoot = "";
			targets = (
				3FA2AC481C7BAFB6005F4564 /* FloppyBurd */,
				3FA2AC601C7BAFB6005F4564 /* FloppyBurdTests */,
				3FA2AC6B1C7BAFB6005F4564 /* FloppyBurdUITests */,
			);
		};
/* End PBXProject section */

/* Begin PBXResourcesBuildPhase section */
		3FA2AC471C7BAFB6005F4564 /* Resources */ = {
			isa = PBXResourcesBuildPhase;
			buildActionMask = 2147483647;
			files = (
				3FA2ACA51C7BB061005F4564 /* Smack.caf in Resources */,
				3F985DE51C86602500ED3799 /* Default@2x~ipad.png in Resources */,
				3FA2AC581C7BAFB6005F4564 /* Assets.xcassets in Resources */,
				3F985DE61C86602500ED3799 /* Default~ipad.png in Resources */,
				3F985DE21C86602500ED3799 /* Default-667h@2x.png in Resources */,
				3FA2ACA21C7BB061005F4564 /* HighScore.caf in Resources */,
				3FA2ACA41C7BB061005F4564 /* Score.caf in Resources */,
				3FA2AC9F1C7BB061005F4564 /* Crash.caf in Resources */,
				3F985DE11C86602500ED3799 /* Default-568h@2x.png in Resources */,
				3FA2ACA31C7BB061005F4564 /* Pop.caf in Resources */,
				3FA2ACA01C7BB061005F4564 /* Fall.caf in Resources */,
				3FA2ACA11C7BB061005F4564 /* Flap.caf in Resources */,
				3FA2AC9E1C7BB061005F4564 /* Pixel Adventures.mp3 in Resources */,
				3FA2AC981C7BB061005F4564 /* editundo.ttf in Resources */,
				3F985DE41C86602500ED3799 /* Default@2x.png in Resources */,
				3FA2AC561C7BAFB6005F4564 /* Main.storyboard in Resources */,
				3F985DE31C86602500ED3799 /* Default-736h@3x.png in Resources */,
			);
			runOnlyForDeploymentPostprocessing = 0;
		};
		3FA2AC5F1C7BAFB6005F4564 /* Resources */ = {
			isa = PBXResourcesBuildPhase;
			buildActionMask = 2147483647;
			files = (
			);
			runOnlyForDeploymentPostprocessing = 0;
		};
		3FA2AC6A1C7BAFB6005F4564 /* Resources */ = {
			isa = PBXResourcesBuildPhase;
			buildActionMask = 2147483647;
			files = (
			);
			runOnlyForDeploymentPostprocessing = 0;
		};
/* End PBXResourcesBuildPhase section */

/* Begin PBXSourcesBuildPhase section */
		3FA2AC451C7BAFB6005F4564 /* Sources */ = {
			isa = PBXSourcesBuildPhase;
			buildActionMask = 2147483647;
			files = (
				3FA2AC831C7BB041005F4564 /* GameScene.swift in Sources */,
				3FA2ACBD1C7BE410005F4564 /* SKTEffects.swift in Sources */,
				3FA2ACB61C7BE410005F4564 /* CGPoint+Extensions.swift in Sources */,
				3FA2ACBA1C7BE410005F4564 /* SKAction+SpecialEffects.swift in Sources */,
				3FA2ACB71C7BE410005F4564 /* CGVector+Extensions.swift in Sources */,
				3FA2AD001C7BEA59005F4564 /* Constants.swift in Sources */,
				3FA2ACB91C7BE410005F4564 /* SKAction+Extensions.swift in Sources */,
				3FA2AD071C7BF75B005F4564 /* GameTextures.swift in Sources */,
				3FA2AD0A1C7BF773005F4564 /* PlayButton.swift in Sources */,
				3FA2ACBF1C7BE410005F4564 /* Vector3.swift in Sources */,
				3FA2ACBB1C7BE410005F4564 /* SKColor+Extensions.swift in Sources */,
				3FA2AD021C7BEE57005F4564 /* Colors.swift in Sources */,
				3F054AE81C7C0B6800DD67D9 /* Contact.swift in Sources */,
				3FA2AC821C7BB041005F4564 /* AppDelegate.swift in Sources */,
				3FA2AD101C7BFCDE005F4564 /* MenuScene.swift in Sources */,
				3FA2ACB81C7BE410005F4564 /* Int+Extensions.swift in Sources */,
				3FA2AD0E1C7BFA81005F4564 /* RetryButton.swift in Sources */,
				3FA2ACBE1C7BE410005F4564 /* SKTTimingFunctions.swift in Sources */,
				3F054AEE1C7CC8DF00DD67D9 /* Player.swift in Sources */,
				3FA2AD0C1C7BF978005F4564 /* TutorialButton.swift in Sources */,
				3F054AEB1C7C0DC700DD67D9 /* Ground.swift in Sources */,
				3FA2ACBC1C7BE410005F4564 /* SKNode+Extensions.swift in Sources */,
				3FA2AD041C7BF2CC005F4564 /* SpriteName.swift in Sources */,
				3FA2AD121C7C0102005F4564 /* GameOverScene.swift in Sources */,
				3FA2ACB51C7BE410005F4564 /* CGFloat+Extensions.swift in Sources */,
				3FA2AC841C7BB041005F4564 /* GameViewController.swift in Sources */,
			);
			runOnlyForDeploymentPostprocessing = 0;
		};
		3FA2AC5D1C7BAFB6005F4564 /* Sources */ = {
			isa = PBXSourcesBuildPhase;
			buildActionMask = 2147483647;
			files = (
				3FA2AC661C7BAFB6005F4564 /* FloppyBurdTests.swift in Sources */,
			);
			runOnlyForDeploymentPostprocessing = 0;
		};
		3FA2AC681C7BAFB6005F4564 /* Sources */ = {
			isa = PBXSourcesBuildPhase;
			buildActionMask = 2147483647;
			files = (
				3FA2AC711C7BAFB6005F4564 /* FloppyBurdUITests.swift in Sources */,
			);
			runOnlyForDeploymentPostprocessing = 0;
		};
/* End PBXSourcesBuildPhase section */

/* Begin PBXTargetDependency section */
		3FA2AC631C7BAFB6005F4564 /* PBXTargetDependency */ = {
			isa = PBXTargetDependency;
			target = 3FA2AC481C7BAFB6005F4564 /* FloppyBurd */;
			targetProxy = 3FA2AC621C7BAFB6005F4564 /* PBXContainerItemProxy */;
		};
		3FA2AC6E1C7BAFB6005F4564 /* PBXTargetDependency */ = {
			isa = PBXTargetDependency;
			target = 3FA2AC481C7BAFB6005F4564 /* FloppyBurd */;
			targetProxy = 3FA2AC6D1C7BAFB6005F4564 /* PBXContainerItemProxy */;
		};
/* End PBXTargetDependency section */

/* Begin PBXVariantGroup section */
		3FA2AC541C7BAFB6005F4564 /* Main.storyboard */ = {
			isa = PBXVariantGroup;
			children = (
				3FA2AC551C7BAFB6005F4564 /* Base */,
			);
			name = Main.storyboard;
			path = ..;
			sourceTree = "<group>";
		};
/* End PBXVariantGroup section */

/* Begin XCBuildConfiguration section */
		3FA2AC731C7BAFB6005F4564 /* Debug */ = {
			isa = XCBuildConfiguration;
			buildSettings = {
				ALWAYS_SEARCH_USER_PATHS = NO;
				CLANG_CXX_LANGUAGE_STANDARD = "gnu++0x";
				CLANG_CXX_LIBRARY = "libc++";
				CLANG_ENABLE_MODULES = YES;
				CLANG_ENABLE_OBJC_ARC = YES;
				CLANG_WARN_BOOL_CONVERSION = YES;
				CLANG_WARN_CONSTANT_CONVERSION = YES;
				CLANG_WARN_DIRECT_OBJC_ISA_USAGE = YES_ERROR;
				CLANG_WARN_EMPTY_BODY = YES;
				CLANG_WARN_ENUM_CONVERSION = YES;
				CLANG_WARN_INT_CONVERSION = YES;
				CLANG_WARN_OBJC_ROOT_CLASS = YES_ERROR;
				CLANG_WARN_UNREACHABLE_CODE = YES;
				CLANG_WARN__DUPLICATE_METHOD_MATCH = YES;
				"CODE_SIGN_IDENTITY[sdk=iphoneos*]" = "iPhone Developer";
				COPY_PHASE_STRIP = NO;
				DEBUG_INFORMATION_FORMAT = "dwarf-with-dsym";
				ENABLE_STRICT_OBJC_MSGSEND = YES;
				ENABLE_TESTABILITY = YES;
				GCC_C_LANGUAGE_STANDARD = gnu99;
				GCC_DYNAMIC_NO_PIC = NO;
				GCC_NO_COMMON_BLOCKS = YES;
				GCC_OPTIMIZATION_LEVEL = 0;
				GCC_PREPROCESSOR_DEFINITIONS = (
					"DEBUG=1",
					"$(inherited)",
				);
				GCC_WARN_64_TO_32_BIT_CONVERSION = YES;
				GCC_WARN_ABOUT_RETURN_TYPE = YES_ERROR;
				GCC_WARN_UNDECLARED_SELECTOR = YES;
				GCC_WARN_UNINITIALIZED_AUTOS = YES_AGGRESSIVE;
				GCC_WARN_UNUSED_FUNCTION = YES;
				GCC_WARN_UNUSED_VARIABLE = YES;
				IPHONEOS_DEPLOYMENT_TARGET = 9.2;
				MTL_ENABLE_DEBUG_INFO = YES;
				ONLY_ACTIVE_ARCH = YES;
				SDKROOT = iphoneos;
				SWIFT_OPTIMIZATION_LEVEL = "-Onone";
				TARGETED_DEVICE_FAMILY = "1,2";
			};
			name = Debug;
		};
		3FA2AC741C7BAFB6005F4564 /* Release */ = {
			isa = XCBuildConfiguration;
			buildSettings = {
				ALWAYS_SEARCH_USER_PATHS = NO;
				CLANG_CXX_LANGUAGE_STANDARD = "gnu++0x";
				CLANG_CXX_LIBRARY = "libc++";
				CLANG_ENABLE_MODULES = YES;
				CLANG_ENABLE_OBJC_ARC = YES;
				CLANG_WARN_BOOL_CONVERSION = YES;
				CLANG_WARN_CONSTANT_CONVERSION = YES;
				CLANG_WARN_DIRECT_OBJC_ISA_USAGE = YES_ERROR;
				CLANG_WARN_EMPTY_BODY = YES;
				CLANG_WARN_ENUM_CONVERSION = YES;
				CLANG_WARN_INT_CONVERSION = YES;
				CLANG_WARN_OBJC_ROOT_CLASS = YES_ERROR;
				CLANG_WARN_UNREACHABLE_CODE = YES;
				CLANG_WARN__DUPLICATE_METHOD_MATCH = YES;
				"CODE_SIGN_IDENTITY[sdk=iphoneos*]" = "iPhone Developer";
				COPY_PHASE_STRIP = NO;
				DEBUG_INFORMATION_FORMAT = "dwarf-with-dsym";
				ENABLE_NS_ASSERTIONS = NO;
				ENABLE_STRICT_OBJC_MSGSEND = YES;
				GCC_C_LANGUAGE_STANDARD = gnu99;
				GCC_NO_COMMON_BLOCKS = YES;
				GCC_WARN_64_TO_32_BIT_CONVERSION = YES;
				GCC_WARN_ABOUT_RETURN_TYPE = YES_ERROR;
				GCC_WARN_UNDECLARED_SELECTOR = YES;
				GCC_WARN_UNINITIALIZED_AUTOS = YES_AGGRESSIVE;
				GCC_WARN_UNUSED_FUNCTION = YES;
				GCC_WARN_UNUSED_VARIABLE = YES;
				IPHONEOS_DEPLOYMENT_TARGET = 9.2;
				MTL_ENABLE_DEBUG_INFO = NO;
				SDKROOT = iphoneos;
				TARGETED_DEVICE_FAMILY = "1,2";
				VALIDATE_PRODUCT = YES;
			};
			name = Release;
		};
		3FA2AC761C7BAFB6005F4564 /* Debug */ = {
			isa = XCBuildConfiguration;
			buildSettings = {
				ASSETCATALOG_COMPILER_APPICON_NAME = AppIcon;
				CODE_SIGN_IDENTITY = "iPhone Developer";
				INFOPLIST_FILE = FloppyBurd/Info.plist;
				LD_RUNPATH_SEARCH_PATHS = "$(inherited) @executable_path/Frameworks";
				PRODUCT_BUNDLE_IDENTIFIER = com.changeme.FloppyBurd;
				PRODUCT_NAME = "$(TARGET_NAME)";
			};
			name = Debug;
		};
		3FA2AC771C7BAFB6005F4564 /* Release */ = {
			isa = XCBuildConfiguration;
			buildSettings = {
				ASSETCATALOG_COMPILER_APPICON_NAME = AppIcon;
				CODE_SIGN_IDENTITY = "iPhone Developer";
				INFOPLIST_FILE = FloppyBurd/Info.plist;
				LD_RUNPATH_SEARCH_PATHS = "$(inherited) @executable_path/Frameworks";
				PRODUCT_BUNDLE_IDENTIFIER = com.changeme.FloppyBurd;
				PRODUCT_NAME = "$(TARGET_NAME)";
			};
			name = Release;
		};
		3FA2AC791C7BAFB6005F4564 /* Debug */ = {
			isa = XCBuildConfiguration;
			buildSettings = {
				BUNDLE_LOADER = "$(TEST_HOST)";
				DEBUG_INFORMATION_FORMAT = dwarf;
				INFOPLIST_FILE = FloppyBurdTests/Info.plist;
				LD_RUNPATH_SEARCH_PATHS = "$(inherited) @executable_path/Frameworks @loader_path/Frameworks";
				PRODUCT_BUNDLE_IDENTIFIER = com.jnovak.FloppyBurdTests;
				PRODUCT_NAME = "$(TARGET_NAME)";
				TEST_HOST = "$(BUILT_PRODUCTS_DIR)/FloppyBurd.app/FloppyBurd";
			};
			name = Debug;
		};
		3FA2AC7A1C7BAFB6005F4564 /* Release */ = {
			isa = XCBuildConfiguration;
			buildSettings = {
				BUNDLE_LOADER = "$(TEST_HOST)";
				INFOPLIST_FILE = FloppyBurdTests/Info.plist;
				LD_RUNPATH_SEARCH_PATHS = "$(inherited) @executable_path/Frameworks @loader_path/Frameworks";
				PRODUCT_BUNDLE_IDENTIFIER = com.jnovak.FloppyBurdTests;
				PRODUCT_NAME = "$(TARGET_NAME)";
				TEST_HOST = "$(BUILT_PRODUCTS_DIR)/FloppyBurd.app/FloppyBurd";
			};
			name = Release;
		};
		3FA2AC7C1C7BAFB6005F4564 /* Debug */ = {
			isa = XCBuildConfiguration;
			buildSettings = {
				DEBUG_INFORMATION_FORMAT = dwarf;
				INFOPLIST_FILE = FloppyBurdUITests/Info.plist;
				LD_RUNPATH_SEARCH_PATHS = "$(inherited) @executable_path/Frameworks @loader_path/Frameworks";
				PRODUCT_BUNDLE_IDENTIFIER = com.jnovak.FloppyBurdUITests;
				PRODUCT_NAME = "$(TARGET_NAME)";
				TEST_TARGET_NAME = FloppyBurd;
				USES_XCTRUNNER = YES;
			};
			name = Debug;
		};
		3FA2AC7D1C7BAFB6005F4564 /* Release */ = {
			isa = XCBuildConfiguration;
			buildSettings = {
				INFOPLIST_FILE = FloppyBurdUITests/Info.plist;
				LD_RUNPATH_SEARCH_PATHS = "$(inherited) @executable_path/Frameworks @loader_path/Frameworks";
				PRODUCT_BUNDLE_IDENTIFIER = com.jnovak.FloppyBurdUITests;
				PRODUCT_NAME = "$(TARGET_NAME)";
				TEST_TARGET_NAME = FloppyBurd;
				USES_XCTRUNNER = YES;
			};
			name = Release;
		};
/* End XCBuildConfiguration section */

/* Begin XCConfigurationList section */
		3FA2AC441C7BAFB6005F4564 /* Build configuration list for PBXProject "FloppyBurd" */ = {
			isa = XCConfigurationList;
			buildConfigurations = (
				3FA2AC731C7BAFB6005F4564 /* Debug */,
				3FA2AC741C7BAFB6005F4564 /* Release */,
			);
			defaultConfigurationIsVisible = 0;
			defaultConfigurationName = Release;
		};
		3FA2AC751C7BAFB6005F4564 /* Build configuration list for PBXNativeTarget "FloppyBurd" */ = {
			isa = XCConfigurationList;
			buildConfigurations = (
				3FA2AC761C7BAFB6005F4564 /* Debug */,
				3FA2AC771C7BAFB6005F4564 /* Release */,
			);
			defaultConfigurationIsVisible = 0;
			defaultConfigurationName = Release;
		};
		3FA2AC781C7BAFB6005F4564 /* Build configuration list for PBXNativeTarget "FloppyBurdTests" */ = {
			isa = XCConfigurationList;
			buildConfigurations = (
				3FA2AC791C7BAFB6005F4564 /* Debug */,
				3FA2AC7A1C7BAFB6005F4564 /* Release */,
			);
			defaultConfigurationIsVisible = 0;
			defaultConfigurationName = Release;
		};
		3FA2AC7B1C7BAFB6005F4564 /* Build configuration list for PBXNativeTarget "FloppyBurdUITests" */ = {
			isa = XCConfigurationList;
			buildConfigurations = (
				3FA2AC7C1C7BAFB6005F4564 /* Debug */,
				3FA2AC7D1C7BAFB6005F4564 /* Release */,
			);
			defaultConfigurationIsVisible = 0;
			defaultConfigurationName = Release;
		};
/* End XCConfigurationList section */
	};
	rootObject = 3FA2AC411C7BAFB6005F4564 /* Project object */;
}
